github.com/aofei/cameron v1.2.1 h1:oFNY4UQxSbuGpvRvc7zL2O3j9/PyXNEFb3cuc7KlUzY=
github.com/aofei/cameron v1.2.1/go.mod h1:JtZPYqiOYbhDAI4xBlcc2Tv6dcHAugJW6vSqwNoQDO4=
github.com/cespare/xxhash/v2 v2.1.2 h1:YRXhKfTDauu4ajMg1TPgFO5jnlC2HCbmLXMcTG5cbYE=
github.com/cespare/xxhash/v2 v2.1.2/go.mod h1:VGX0DQ3Q6kWi7AoAeZDth3/j3BFtOZR5XLFGgcrjCOs=
